
Microsoft Visual Studio Solution File, Format Version 12.00
# Visual Studio 14
VisualStudioVersion = 14.0.24720.0
MinimumVisualStudioVersion = 10.0.40219.1
Project("{FAE04EC0-301F-11D3-BF4B-00C04F79EFBC}") = "ATM", "ATM\ATM.csproj", "{520CC25D-BB3B-49F3-B91D-187425B1C843}"
EndProject
Project("{FAE04EC0-301F-11D3-BF4B-00C04F79EFBC}") = "AtmUi", "AtmUi\AtmUi.csproj", "{6C23C753-9FDB-4E30-9250-AB5CF1BE6CDA}"
EndProject
Project("{2150E333-8FDC-42A3-9474-1A3956D46DE8}") = "PublishScripts", "PublishScripts", "{7E9E67ED-45BF-40F5-BDCD-A3ECBD7B2EED}"
EndProject
Project("{2150E333-8FDC-42A3-9474-1A3956D46DE8}") = "Scripts", "Scripts", "{3C730A01-0F5D-4F31-9615-E2B269AA9458}"
	ProjectSection(SolutionItems) = preProject
		PublishScripts\Scripts\Deploy-AzureResourceGroup.ps1 = PublishScripts\Scripts\Deploy-AzureResourceGroup.ps1
	EndProjectSection
EndProject
Project("{2150E333-8FDC-42A3-9474-1A3956D46DE8}") = "Templates", "Templates", "{7A26016C-C2AD-4950-9279-6BA5AB181B6F}"
	ProjectSection(SolutionItems) = preProject
		PublishScripts\Templates\AtmUi.json = PublishScripts\Templates\AtmUi.json
		PublishScripts\Templates\AtmUi.param.dev.json = PublishScripts\Templates\AtmUi.param.dev.json
	EndProjectSection
EndProject
Global
	GlobalSection(SolutionConfigurationPlatforms) = preSolution
		Debug|Any CPU = Debug|Any CPU
		Release|Any CPU = Release|Any CPU
	EndGlobalSection
	GlobalSection(ProjectConfigurationPlatforms) = postSolution
		{520CC25D-BB3B-49F3-B91D-187425B1C843}.Debug|Any CPU.ActiveCfg = Debug|Any CPU
		{520CC25D-BB3B-49F3-B91D-187425B1C843}.Debug|Any CPU.Build.0 = Debug|Any CPU
		{520CC25D-BB3B-49F3-B91D-187425B1C843}.Release|Any CPU.ActiveCfg = Release|Any CPU
		{520CC25D-BB3B-49F3-B91D-187425B1C843}.Release|Any CPU.Build.0 = Release|Any CPU
		{6C23C753-9FDB-4E30-9250-AB5CF1BE6CDA}.Debug|Any CPU.ActiveCfg = Debug|Any CPU
		{6C23C753-9FDB-4E30-9250-AB5CF1BE6CDA}.Debug|Any CPU.Build.0 = Debug|Any CPU
		{6C23C753-9FDB-4E30-9250-AB5CF1BE6CDA}.Release|Any CPU.ActiveCfg = Release|Any CPU
		{6C23C753-9FDB-4E30-9250-AB5CF1BE6CDA}.Release|Any CPU.Build.0 = Release|Any CPU
	EndGlobalSection
	GlobalSection(SolutionProperties) = preSolution
		HideSolutionNode = FALSE
	EndGlobalSection
	GlobalSection(NestedProjects) = preSolution
		{3C730A01-0F5D-4F31-9615-E2B269AA9458} = {7E9E67ED-45BF-40F5-BDCD-A3ECBD7B2EED}
		{7A26016C-C2AD-4950-9279-6BA5AB181B6F} = {7E9E67ED-45BF-40F5-BDCD-A3ECBD7B2EED}
	EndGlobalSection
EndGlobal
